
Microsoft Visual Studio Solution File, Format Version 12.00
# Visual Studio 11
Project("{E24C65DC-7377-472B-9ABA-BC803B73C61A}") = "The Game", "The Game\", "{2BAC887A-E430-4E11-9C1F-5173A37CFACD}"
	ProjectSection(WebsiteProperties) = preProject
		Debug.AspNetCompiler.Debug = "True"
		Debug.AspNetCompiler.FixedNames = "false"
		Debug.AspNetCompiler.ForceOverwrite = "true"
		Debug.AspNetCompiler.PhysicalPath = "..\..\..\Skole\Webintegrator\Roskilde Mesterskaberne\The Texas Chain Masscre - Oliver Lassen - Maglelunden\The Game\"
		Debug.AspNetCompiler.TargetPath = "PrecompiledWeb\The Game\"
		Debug.AspNetCompiler.Updateable = "true"
		Debug.AspNetCompiler.VirtualPath = "/The Game"
		Release.AspNetCompiler.Debug = "False"
		Release.AspNetCompiler.FixedNames = "false"
		Release.AspNetCompiler.ForceOverwrite = "true"
		Release.AspNetCompiler.PhysicalPath = "..\..\..\Skole\Webintegrator\Roskilde Mesterskaberne\The Texas Chain Masscre - Oliver Lassen - Maglelunden\The Game\"
		Release.AspNetCompiler.TargetPath = "PrecompiledWeb\The Game\"
		Release.AspNetCompiler.Updateable = "true"
		Release.AspNetCompiler.VirtualPath = "/The Game"
		TargetFrameworkMoniker = ".NETFramework,Version%3Dv4.0"
		VWDPort = "2615"
	EndProjectSection
EndProject
Global
	GlobalSection(SolutionConfigurationPlatforms) = preSolution
		Debug|Any CPU = Debug|Any CPU
	EndGlobalSection
	GlobalSection(ProjectConfigurationPlatforms) = postSolution
		{2BAC887A-E430-4E11-9C1F-5173A37CFACD}.Debug|Any CPU.ActiveCfg = Debug|Any CPU
		{2BAC887A-E430-4E11-9C1F-5173A37CFACD}.Debug|Any CPU.Build.0 = Debug|Any CPU
	EndGlobalSection
	GlobalSection(SolutionProperties) = preSolution
		HideSolutionNode = FALSE
	EndGlobalSection
EndGlobal
